// !$*UTF8*$!
{
	archiveVersion = 1;
	classes = {
	};
	objectVersion = 56;
	objects = {

/* Begin PBXBuildFile section */
		85C2FD892980E5410010609A /* AppDelegate.swift in Sources */ = {isa = PBXBuildFile; fileRef = 85C2FD882980E5410010609A /* AppDelegate.swift */; };
		85C2FD8B2980E5410010609A /* SceneDelegate.swift in Sources */ = {isa = PBXBuildFile; fileRef = 85C2FD8A2980E5410010609A /* SceneDelegate.swift */; };
		85C2FD8D2980E5410010609A /* ViewController.swift in Sources */ = {isa = PBXBuildFile; fileRef = 85C2FD8C2980E5410010609A /* ViewController.swift */; };
		85C2FD902980E5410010609A /* Main.storyboard in Resources */ = {isa = PBXBuildFile; fileRef = 85C2FD8E2980E5410010609A /* Main.storyboard */; };
		85C2FD922980E5420010609A /* Assets.xcassets in Resources */ = {isa = PBXBuildFile; fileRef = 85C2FD912980E5420010609A /* Assets.xcassets */; };
		85C2FD952980E5420010609A /* LaunchScreen.storyboard in Resources */ = {isa = PBXBuildFile; fileRef = 85C2FD932980E5420010609A /* LaunchScreen.storyboard */; };
		85C2FDA02980E5420010609A /* Assessment_Test_Tech_MahindraTests.swift in Sources */ = {isa = PBXBuildFile; fileRef = 85C2FD9F2980E5420010609A /* Assessment_Test_Tech_MahindraTests.swift */; };
		85C2FDAA2980E5420010609A /* Assessment_Test_Tech_MahindraUITests.swift in Sources */ = {isa = PBXBuildFile; fileRef = 85C2FDA92980E5420010609A /* Assessment_Test_Tech_MahindraUITests.swift */; };
		85C2FDAC2980E5420010609A /* Assessment_Test_Tech_MahindraUITestsLaunchTests.swift in Sources */ = {isa = PBXBuildFile; fileRef = 85C2FDAB2980E5420010609A /* Assessment_Test_Tech_MahindraUITestsLaunchTests.swift */; };
		85C2FDB92980EE330010609A /* UserInteractor.swift in Sources */ = {isa = PBXBuildFile; fileRef = 85C2FDB82980EE330010609A /* UserInteractor.swift */; };
		85C2FDBB2980EE440010609A /* UserPresenter.swift in Sources */ = {isa = PBXBuildFile; fileRef = 85C2FDBA2980EE440010609A /* UserPresenter.swift */; };
		85C2FDBD2980EE500010609A /* UserView.swift in Sources */ = {isa = PBXBuildFile; fileRef = 85C2FDBC2980EE500010609A /* UserView.swift */; };
		85C2FDBF2980EE5C0010609A /* User.swift in Sources */ = {isa = PBXBuildFile; fileRef = 85C2FDBE2980EE5C0010609A /* User.swift */; };
		85C2FDC12980EED60010609A /* UserInteractorTests.swift in Sources */ = {isa = PBXBuildFile; fileRef = 85C2FDC02980EED60010609A /* UserInteractorTests.swift */; };
		85C2FDC52980F1200010609A /* ListTableCell.swift in Sources */ = {isa = PBXBuildFile; fileRef = 85C2FDC32980F1200010609A /* ListTableCell.swift */; };
		85C2FDC62980F1200010609A /* ListTableCell.xib in Resources */ = {isa = PBXBuildFile; fileRef = 85C2FDC42980F1200010609A /* ListTableCell.xib */; };
		85C2FDC82980F2020010609A /* Helper.swift in Sources */ = {isa = PBXBuildFile; fileRef = 85C2FDC72980F2020010609A /* Helper.swift */; };
/* End PBXBuildFile section */

/* Begin PBXContainerItemProxy section */
		85C2FD9C2980E5420010609A /* PBXContainerItemProxy */ = {
			isa = PBXContainerItemProxy;
			containerPortal = 85C2FD7D2980E5410010609A /* Project object */;
			proxyType = 1;
			remoteGlobalIDString = 85C2FD842980E5410010609A;
			remoteInfo = "Assessment Test Tech Mahindra";
		};
		85C2FDA62980E5420010609A /* PBXContainerItemProxy */ = {
			isa = PBXContainerItemProxy;
			containerPortal = 85C2FD7D2980E5410010609A /* Project object */;
			proxyType = 1;
			remoteGlobalIDString = 85C2FD842980E5410010609A;
			remoteInfo = "Assessment Test Tech Mahindra";
		};
/* End PBXContainerItemProxy section */

/* Begin PBXFileReference section */
		85C2FD852980E5410010609A /* Assessment Test Tech Mahindra.app */ = {isa = PBXFileReference; explicitFileType = wrapper.application; includeInIndex = 0; path = "Assessment Test Tech Mahindra.app"; sourceTree = BUILT_PRODUCTS_DIR; };
		85C2FD882980E5410010609A /* AppDelegate.swift */ = {isa = PBXFileReference; lastKnownFileType = sourcecode.swift; path = AppDelegate.swift; sourceTree = "<group>"; };
		85C2FD8A2980E5410010609A /* SceneDelegate.swift */ = {isa = PBXFileReference; lastKnownFileType = sourcecode.swift; path = SceneDelegate.swift; sourceTree = "<group>"; };
		85C2FD8C2980E5410010609A /* ViewController.swift */ = {isa = PBXFileReference; lastKnownFileType = sourcecode.swift; path = ViewController.swift; sourceTree = "<group>"; };
		85C2FD8F2980E5410010609A /* Base */ = {isa = PBXFileReference; lastKnownFileType = file.storyboard; name = Base; path = Base.lproj/Main.storyboard; sourceTree = "<group>"; };
		85C2FD912980E5420010609A /* Assets.xcassets */ = {isa = PBXFileReference; lastKnownFileType = folder.assetcatalog; path = Assets.xcassets; sourceTree = "<group>"; };
		85C2FD942980E5420010609A /* Base */ = {isa = PBXFileReference; lastKnownFileType = file.storyboard; name = Base; path = Base.lproj/LaunchScreen.storyboard; sourceTree = "<group>"; };
		85C2FD962980E5420010609A /* Info.plist */ = {isa = PBXFileReference; lastKnownFileType = text.plist.xml; path = Info.plist; sourceTree = "<group>"; };
		85C2FD9B2980E5420010609A /* Assessment Test Tech MahindraTests.xctest */ = {isa = PBXFileReference; explicitFileType = wrapper.cfbundle; includeInIndex = 0; path = "Assessment Test Tech MahindraTests.xctest"; sourceTree = BUILT_PRODUCTS_DIR; };
		85C2FD9F2980E5420010609A /* Assessment_Test_Tech_MahindraTests.swift */ = {isa = PBXFileReference; lastKnownFileType = sourcecode.swift; path = Assessment_Test_Tech_MahindraTests.swift; sourceTree = "<group>"; };
		85C2FDA52980E5420010609A /* Assessment Test Tech MahindraUITests.xctest */ = {isa = PBXFileReference; explicitFileType = wrapper.cfbundle; includeInIndex = 0; path = "Assessment Test Tech MahindraUITests.xctest"; sourceTree = BUILT_PRODUCTS_DIR; };
		85C2FDA92980E5420010609A /* Assessment_Test_Tech_MahindraUITests.swift */ = {isa = PBXFileReference; lastKnownFileType = sourcecode.swift; path = Assessment_Test_Tech_MahindraUITests.swift; sourceTree = "<group>"; };
		85C2FDAB2980E5420010609A /* Assessment_Test_Tech_MahindraUITestsLaunchTests.swift */ = {isa = PBXFileReference; lastKnownFileType = sourcecode.swift; path = Assessment_Test_Tech_MahindraUITestsLaunchTests.swift; sourceTree = "<group>"; };
		85C2FDB82980EE330010609A /* UserInteractor.swift */ = {isa = PBXFileReference; lastKnownFileType = sourcecode.swift; path = UserInteractor.swift; sourceTree = "<group>"; };
		85C2FDBA2980EE440010609A /* UserPresenter.swift */ = {isa = PBXFileReference; lastKnownFileType = sourcecode.swift; path = UserPresenter.swift; sourceTree = "<group>"; };
		85C2FDBC2980EE500010609A /* UserView.swift */ = {isa = PBXFileReference; lastKnownFileType = sourcecode.swift; path = UserView.swift; sourceTree = "<group>"; };
		85C2FDBE2980EE5C0010609A /* User.swift */ = {isa = PBXFileReference; lastKnownFileType = sourcecode.swift; path = User.swift; sourceTree = "<group>"; };
		85C2FDC02980EED60010609A /* UserInteractorTests.swift */ = {isa = PBXFileReference; lastKnownFileType = sourcecode.swift; path = UserInteractorTests.swift; sourceTree = "<group>"; };
		85C2FDC32980F1200010609A /* ListTableCell.swift */ = {isa = PBXFileReference; lastKnownFileType = sourcecode.swift; path = ListTableCell.swift; sourceTree = "<group>"; };
		85C2FDC42980F1200010609A /* ListTableCell.xib */ = {isa = PBXFileReference; lastKnownFileType = file.xib; path = ListTableCell.xib; sourceTree = "<group>"; };
		85C2FDC72980F2020010609A /* Helper.swift */ = {isa = PBXFileReference; lastKnownFileType = sourcecode.swift; path = Helper.swift; sourceTree = "<group>"; };
/* End PBXFileReference section */

/* Begin PBXFrameworksBuildPhase section */
		85C2FD822980E5410010609A /* Frameworks */ = {
			isa = PBXFrameworksBuildPhase;
			buildActionMask = 2147483647;
			files = (
			);
			runOnlyForDeploymentPostprocessing = 0;
		};
		85C2FD982980E5420010609A /* Frameworks */ = {
			isa = PBXFrameworksBuildPhase;
			buildActionMask = 2147483647;
			files = (
			);
			runOnlyForDeploymentPostprocessing = 0;
		};
		85C2FDA22980E5420010609A /* Frameworks */ = {
			isa = PBXFrameworksBuildPhase;
			buildActionMask = 2147483647;
			files = (
			);
			runOnlyForDeploymentPostprocessing = 0;
		};
/* End PBXFrameworksBuildPhase section */

/* Begin PBXGroup section */
		85C2FD7C2980E5410010609A = {
			isa = PBXGroup;
			children = (
				85C2FD872980E5410010609A /* Assessment Test Tech Mahindra */,
				85C2FD9E2980E5420010609A /* Assessment Test Tech MahindraTests */,
				85C2FDA82980E5420010609A /* Assessment Test Tech MahindraUITests */,
				85C2FD862980E5410010609A /* Products */,
			);
			sourceTree = "<group>";
		};
		85C2FD862980E5410010609A /* Products */ = {
			isa = PBXGroup;
			children = (
				85C2FD852980E5410010609A /* Assessment Test Tech Mahindra.app */,
				85C2FD9B2980E5420010609A /* Assessment Test Tech MahindraTests.xctest */,
				85C2FDA52980E5420010609A /* Assessment Test Tech MahindraUITests.xctest */,
			);
			name = Products;
			sourceTree = "<group>";
		};
		85C2FD872980E5410010609A /* Assessment Test Tech Mahindra */ = {
			isa = PBXGroup;
			children = (
				85C2FDD329816E470010609A /* User */,
				85C2FDC22980F1100010609A /* TableViewCell */,
				85C2FD882980E5410010609A /* AppDelegate.swift */,
				85C2FD8A2980E5410010609A /* SceneDelegate.swift */,
				85C2FD8C2980E5410010609A /* ViewController.swift */,
				85C2FD8E2980E5410010609A /* Main.storyboard */,
				85C2FD912980E5420010609A /* Assets.xcassets */,
				85C2FD932980E5420010609A /* LaunchScreen.storyboard */,
				85C2FD962980E5420010609A /* Info.plist */,
				85C2FDC72980F2020010609A /* Helper.swift */,
			);
			path = "Assessment Test Tech Mahindra";
			sourceTree = "<group>";
		};
		85C2FD9E2980E5420010609A /* Assessment Test Tech MahindraTests */ = {
			isa = PBXGroup;
			children = (
				85C2FD9F2980E5420010609A /* Assessment_Test_Tech_MahindraTests.swift */,
				85C2FDC02980EED60010609A /* UserInteractorTests.swift */,
			);
			path = "Assessment Test Tech MahindraTests";
			sourceTree = "<group>";
		};
		85C2FDA82980E5420010609A /* Assessment Test Tech MahindraUITests */ = {
			isa = PBXGroup;
			children = (
				85C2FDA92980E5420010609A /* Assessment_Test_Tech_MahindraUITests.swift */,
				85C2FDAB2980E5420010609A /* Assessment_Test_Tech_MahindraUITestsLaunchTests.swift */,
			);
			path = "Assessment Test Tech MahindraUITests";
			sourceTree = "<group>";
		};
		85C2FDC22980F1100010609A /* TableViewCell */ = {
			isa = PBXGroup;
			children = (
				85C2FDC32980F1200010609A /* ListTableCell.swift */,
				85C2FDC42980F1200010609A /* ListTableCell.xib */,
			);
			path = TableViewCell;
			sourceTree = "<group>";
		};
		85C2FDD329816E470010609A /* User */ = {
			isa = PBXGroup;
			children = (
				85C2FDD729816E750010609A /* Model */,
				85C2FDD629816E700010609A /* Protocol */,
				85C2FDD529816E640010609A /* Presenter */,
				85C2FDD429816E5B0010609A /* Interactor */,
			);
			path = User;
			sourceTree = "<group>";
		};
		85C2FDD429816E5B0010609A /* Interactor */ = {
			isa = PBXGroup;
			children = (
				85C2FDB82980EE330010609A /* UserInteractor.swift */,
			);
			path = Interactor;
			sourceTree = "<group>";
		};
		85C2FDD529816E640010609A /* Presenter */ = {
			isa = PBXGroup;
			children = (
				85C2FDBA2980EE440010609A /* UserPresenter.swift */,
			);
			path = Presenter;
			sourceTree = "<group>";
		};
		85C2FDD629816E700010609A /* Protocol */ = {
			isa = PBXGroup;
			children = (
				85C2FDBC2980EE500010609A /* UserView.swift */,
			);
			path = Protocol;
			sourceTree = "<group>";
		};
		85C2FDD729816E750010609A /* Model */ = {
			isa = PBXGroup;
			children = (
				85C2FDBE2980EE5C0010609A /* User.swift */,
			);
			path = Model;
			sourceTree = "<group>";
		};
/* End PBXGroup section */

/* Begin PBXNativeTarget section */
		85C2FD842980E5410010609A /* Assessment Test Tech Mahindra */ = {
			isa = PBXNativeTarget;
			buildConfigurationList = 85C2FDAF2980E5420010609A /* Build configuration list for PBXNativeTarget "Assessment Test Tech Mahindra" */;
			buildPhases = (
				85C2FD812980E5410010609A /* Sources */,
				85C2FD822980E5410010609A /* Frameworks */,
				85C2FD832980E5410010609A /* Resources */,
			);
			buildRules = (
			);
			dependencies = (
			);
			name = "Assessment Test Tech Mahindra";
			productName = "Assessment Test Tech Mahindra";
			productReference = 85C2FD852980E5410010609A /* Assessment Test Tech Mahindra.app */;
			productType = "com.apple.product-type.application";
		};
		85C2FD9A2980E5420010609A /* Assessment Test Tech MahindraTests */ = {
			isa = PBXNativeTarget;
			buildConfigurationList = 85C2FDB22980E5420010609A /* Build configuration list for PBXNativeTarget "Assessment Test Tech MahindraTests" */;
			buildPhases = (
				85C2FD972980E5420010609A /* Sources */,
				85C2FD982980E5420010609A /* Frameworks */,
				85C2FD992980E5420010609A /* Resources */,
			);
			buildRules = (
			);
			dependencies = (
				85C2FD9D2980E5420010609A /* PBXTargetDependency */,
			);
			name = "Assessment Test Tech MahindraTests";
			productName = "Assessment Test Tech MahindraTests";
			productReference = 85C2FD9B2980E5420010609A /* Assessment Test Tech MahindraTests.xctest */;
			productType = "com.apple.product-type.bundle.unit-test";
		};
		85C2FDA42980E5420010609A /* Assessment Test Tech MahindraUITests */ = {
			isa = PBXNativeTarget;
			buildConfigurationList = 85C2FDB52980E5420010609A /* Build configuration list for PBXNativeTarget "Assessment Test Tech MahindraUITests" */;
			buildPhases = (
				85C2FDA12980E5420010609A /* Sources */,
				85C2FDA22980E5420010609A /* Frameworks */,
				85C2FDA32980E5420010609A /* Resources */,
			);
			buildRules = (
			);
			dependencies = (
				85C2FDA72980E5420010609A /* PBXTargetDependency */,
			);
			name = "Assessment Test Tech MahindraUITests";
			productName = "Assessment Test Tech MahindraUITests";
			productReference = 85C2FDA52980E5420010609A /* Assessment Test Tech MahindraUITests.xctest */;
			productType = "com.apple.product-type.bundle.ui-testing";
		};
/* End PBXNativeTarget section */

/* Begin PBXProject section */
		85C2FD7D2980E5410010609A /* Project object */ = {
			isa = PBXProject;
			attributes = {
				BuildIndependentTargetsInParallel = 1;
				LastSwiftUpdateCheck = 1420;
				LastUpgradeCheck = 1420;
				TargetAttributes = {
					85C2FD842980E5410010609A = {
						CreatedOnToolsVersion = 14.2;
					};
					85C2FD9A2980E5420010609A = {
						CreatedOnToolsVersion = 14.2;
						TestTargetID = 85C2FD842980E5410010609A;
					};
					85C2FDA42980E5420010609A = {
						CreatedOnToolsVersion = 14.2;
						TestTargetID = 85C2FD842980E5410010609A;
					};
				};
			};
			buildConfigurationList = 85C2FD802980E5410010609A /* Build configuration list for PBXProject "Assessment Test Tech Mahindra" */;
			compatibilityVersion = "Xcode 14.0";
			developmentRegion = en;
			hasScannedForEncodings = 0;
			knownRegions = (
				en,
				Base,
			);
			mainGroup = 85C2FD7C2980E5410010609A;
			productRefGroup = 85C2FD862980E5410010609A /* Products */;
			projectDirPath = "";
			projectRoot = "";
			targets = (
				85C2FD842980E5410010609A /* Assessment Test Tech Mahindra */,
				85C2FD9A2980E5420010609A /* Assessment Test Tech MahindraTests */,
				85C2FDA42980E5420010609A /* Assessment Test Tech MahindraUITests */,
			);
		};
/* End PBXProject section */

/* Begin PBXResourcesBuildPhase section */
		85C2FD832980E5410010609A /* Resources */ = {
			isa = PBXResourcesBuildPhase;
			buildActionMask = 2147483647;
			files = (
				85C2FD952980E5420010609A /* LaunchScreen.storyboard in Resources */,
				85C2FD922980E5420010609A /* Assets.xcassets in Resources */,
				85C2FDC62980F1200010609A /* ListTableCell.xib in Resources */,
				85C2FD902980E5410010609A /* Main.storyboard in Resources */,
			);
			runOnlyForDeploymentPostprocessing = 0;
		};
		85C2FD992980E5420010609A /* Resources */ = {
			isa = PBXResourcesBuildPhase;
			buildActionMask = 2147483647;
			files = (
			);
			runOnlyForDeploymentPostprocessing = 0;
		};
		85C2FDA32980E5420010609A /* Resources */ = {
			isa = PBXResourcesBuildPhase;
			buildActionMask = 2147483647;
			files = (
			);
			runOnlyForDeploymentPostprocessing = 0;
		};
/* End PBXResourcesBuildPhase section */

/* Begin PBXSourcesBuildPhase section */
		85C2FD812980E5410010609A /* Sources */ = {
			isa = PBXSourcesBuildPhase;
			buildActionMask = 2147483647;
			files = (
				85C2FD8D2980E5410010609A /* ViewController.swift in Sources */,
				85C2FDBD2980EE500010609A /* UserView.swift in Sources */,
				85C2FDC52980F1200010609A /* ListTableCell.swift in Sources */,
				85C2FDB92980EE330010609A /* UserInteractor.swift in Sources */,
				85C2FD892980E5410010609A /* AppDelegate.swift in Sources */,
				85C2FDC82980F2020010609A /* Helper.swift in Sources */,
				85C2FDBB2980EE440010609A /* UserPresenter.swift in Sources */,
				85C2FD8B2980E5410010609A /* SceneDelegate.swift in Sources */,
				85C2FDBF2980EE5C0010609A /* User.swift in Sources */,
			);
			runOnlyForDeploymentPostprocessing = 0;
		};
		85C2FD972980E5420010609A /* Sources */ = {
			isa = PBXSourcesBuildPhase;
			buildActionMask = 2147483647;
			files = (
				85C2FDA02980E5420010609A /* Assessment_Test_Tech_MahindraTests.swift in Sources */,
				85C2FDC12980EED60010609A /* UserInteractorTests.swift in Sources */,
			);
			runOnlyForDeploymentPostprocessing = 0;
		};
		85C2FDA12980E5420010609A /* Sources */ = {
			isa = PBXSourcesBuildPhase;
			buildActionMask = 2147483647;
			files = (
				85C2FDAC2980E5420010609A /* Assessment_Test_Tech_MahindraUITestsLaunchTests.swift in Sources */,
				85C2FDAA2980E5420010609A /* Assessment_Test_Tech_MahindraUITests.swift in Sources */,
			);
			runOnlyForDeploymentPostprocessing = 0;
		};
/* End PBXSourcesBuildPhase section */

/* Begin PBXTargetDependency section */
		85C2FD9D2980E5420010609A /* PBXTargetDependency */ = {
			isa = PBXTargetDependency;
			target = 85C2FD842980E5410010609A /* Assessment Test Tech Mahindra */;
			targetProxy = 85C2FD9C2980E5420010609A /* PBXContainerItemProxy */;
		};
		85C2FDA72980E5420010609A /* PBXTargetDependency */ = {
			isa = PBXTargetDependency;
			target = 85C2FD842980E5410010609A /* Assessment Test Tech Mahindra */;
			targetProxy = 85C2FDA62980E5420010609A /* PBXContainerItemProxy */;
		};
/* End PBXTargetDependency section */

/* Begin PBXVariantGroup section */
		85C2FD8E2980E5410010609A /* Main.storyboard */ = {
			isa = PBXVariantGroup;
			children = (
				85C2FD8F2980E5410010609A /* Base */,
			);
			name = Main.storyboard;
			sourceTree = "<group>";
		};
		85C2FD932980E5420010609A /* LaunchScreen.storyboard */ = {
			isa = PBXVariantGroup;
			children = (
				85C2FD942980E5420010609A /* Base */,
			);
			name = LaunchScreen.storyboard;
			sourceTree = "<group>";
		};
/* End PBXVariantGroup section */

/* Begin XCBuildConfiguration section */
		85C2FDAD2980E5420010609A /* Debug */ = {
			isa = XCBuildConfiguration;
			buildSettings = {
				ALWAYS_SEARCH_USER_PATHS = NO;
				CLANG_ANALYZER_NONNULL = YES;
				CLANG_ANALYZER_NUMBER_OBJECT_CONVERSION = YES_AGGRESSIVE;
				CLANG_CXX_LANGUAGE_STANDARD = "gnu++20";
				CLANG_ENABLE_MODULES = YES;
				CLANG_ENABLE_OBJC_ARC = YES;
				CLANG_ENABLE_OBJC_WEAK = YES;
				CLANG_WARN_BLOCK_CAPTURE_AUTORELEASING = YES;
				CLANG_WARN_BOOL_CONVERSION = YES;
				CLANG_WARN_COMMA = YES;
				CLANG_WARN_CONSTANT_CONVERSION = YES;
				CLANG_WARN_DEPRECATED_OBJC_IMPLEMENTATIONS = YES;
				CLANG_WARN_DIRECT_OBJC_ISA_USAGE = YES_ERROR;
				CLANG_WARN_DOCUMENTATION_COMMENTS = YES;
				CLANG_WARN_EMPTY_BODY = YES;
				CLANG_WARN_ENUM_CONVERSION = YES;
				CLANG_WARN_INFINITE_RECURSION = YES;
				CLANG_WARN_INT_CONVERSION = YES;
				CLANG_WARN_NON_LITERAL_NULL_CONVERSION = YES;
				CLANG_WARN_OBJC_IMPLICIT_RETAIN_SELF = YES;
				CLANG_WARN_OBJC_LITERAL_CONVERSION = YES;
				CLANG_WARN_OBJC_ROOT_CLASS = YES_ERROR;
				CLANG_WARN_QUOTED_INCLUDE_IN_FRAMEWORK_HEADER = YES;
				CLANG_WARN_RANGE_LOOP_ANALYSIS = YES;
				CLANG_WARN_STRICT_PROTOTYPES = YES;
				CLANG_WARN_SUSPICIOUS_MOVE = YES;
				CLANG_WARN_UNGUARDED_AVAILABILITY = YES_AGGRESSIVE;
				CLANG_WARN_UNREACHABLE_CODE = YES;
				CLANG_WARN__DUPLICATE_METHOD_MATCH = YES;
				COPY_PHASE_STRIP = NO;
				DEBUG_INFORMATION_FORMAT = dwarf;
				ENABLE_STRICT_OBJC_MSGSEND = YES;
				ENABLE_TESTABILITY = YES;
				GCC_C_LANGUAGE_STANDARD = gnu11;
				GCC_DYNAMIC_NO_PIC = NO;
				GCC_NO_COMMON_BLOCKS = YES;
				GCC_OPTIMIZATION_LEVEL = 0;
				GCC_PREPROCESSOR_DEFINITIONS = (
					"DEBUG=1",
					"$(inherited)",
				);
				GCC_WARN_64_TO_32_BIT_CONVERSION = YES;
				GCC_WARN_ABOUT_RETURN_TYPE = YES_ERROR;
				GCC_WARN_UNDECLARED_SELECTOR = YES;
				GCC_WARN_UNINITIALIZED_AUTOS = YES_AGGRESSIVE;
				GCC_WARN_UNUSED_FUNCTION = YES;
				GCC_WARN_UNUSED_VARIABLE = YES;
				IPHONEOS_DEPLOYMENT_TARGET = 16.2;
				MTL_ENABLE_DEBUG_INFO = INCLUDE_SOURCE;
				MTL_FAST_MATH = YES;
				ONLY_ACTIVE_ARCH = YES;
				SDKROOT = iphoneos;
				SWIFT_ACTIVE_COMPILATION_CONDITIONS = DEBUG;
				SWIFT_OPTIMIZATION_LEVEL = "-Onone";
			};
			name = Debug;
		};
		85C2FDAE2980E5420010609A /* Release */ = {
			isa = XCBuildConfiguration;
			buildSettings = {
				ALWAYS_SEARCH_USER_PATHS = NO;
				CLANG_ANALYZER_NONNULL = YES;
				CLANG_ANALYZER_NUMBER_OBJECT_CONVERSION = YES_AGGRESSIVE;
				CLANG_CXX_LANGUAGE_STANDARD = "gnu++20";
				CLANG_ENABLE_MODULES = YES;
				CLANG_ENABLE_OBJC_ARC = YES;
				CLANG_ENABLE_OBJC_WEAK = YES;
				CLANG_WARN_BLOCK_CAPTURE_AUTORELEASING = YES;
				CLANG_WARN_BOOL_CONVERSION = YES;
				CLANG_WARN_COMMA = YES;
				CLANG_WARN_CONSTANT_CONVERSION = YES;
				CLANG_WARN_DEPRECATED_OBJC_IMPLEMENTATIONS = YES;
				CLANG_WARN_DIRECT_OBJC_ISA_USAGE = YES_ERROR;
				CLANG_WARN_DOCUMENTATION_COMMENTS = YES;
				CLANG_WARN_EMPTY_BODY = YES;
				CLANG_WARN_ENUM_CONVERSION = YES;
				CLANG_WARN_INFINITE_RECURSION = YES;
				CLANG_WARN_INT_CONVERSION = YES;
				CLANG_WARN_NON_LITERAL_NULL_CONVERSION = YES;
				CLANG_WARN_OBJC_IMPLICIT_RETAIN_SELF = YES;
				CLANG_WARN_OBJC_LITERAL_CONVERSION = YES;
				CLANG_WARN_OBJC_ROOT_CLASS = YES_ERROR;
				CLANG_WARN_QUOTED_INCLUDE_IN_FRAMEWORK_HEADER = YES;
				CLANG_WARN_RANGE_LOOP_ANALYSIS = YES;
				CLANG_WARN_STRICT_PROTOTYPES = YES;
				CLANG_WARN_SUSPICIOUS_MOVE = YES;
				CLANG_WARN_UNGUARDED_AVAILABILITY = YES_AGGRESSIVE;
				CLANG_WARN_UNREACHABLE_CODE = YES;
				CLANG_WARN__DUPLICATE_METHOD_MATCH = YES;
				COPY_PHASE_STRIP = NO;
				DEBUG_INFORMATION_FORMAT = "dwarf-with-dsym";
				ENABLE_NS_ASSERTIONS = NO;
				ENABLE_STRICT_OBJC_MSGSEND = YES;
				GCC_C_LANGUAGE_STANDARD = gnu11;
				GCC_NO_COMMON_BLOCKS = YES;
				GCC_WARN_64_TO_32_BIT_CONVERSION = YES;
				GCC_WARN_ABOUT_RETURN_TYPE = YES_ERROR;
				GCC_WARN_UNDECLARED_SELECTOR = YES;
				GCC_WARN_UNINITIALIZED_AUTOS = YES_AGGRESSIVE;
				GCC_WARN_UNUSED_FUNCTION = YES;
				GCC_WARN_UNUSED_VARIABLE = YES;
				IPHONEOS_DEPLOYMENT_TARGET = 16.2;
				MTL_ENABLE_DEBUG_INFO = NO;
				MTL_FAST_MATH = YES;
				SDKROOT = iphoneos;
				SWIFT_COMPILATION_MODE = wholemodule;
				SWIFT_OPTIMIZATION_LEVEL = "-O";
				VALIDATE_PRODUCT = YES;
			};
			name = Release;
		};
		85C2FDB02980E5420010609A /* Debug */ = {
			isa = XCBuildConfiguration;
			buildSettings = {
				ASSETCATALOG_COMPILER_APPICON_NAME = AppIcon;
				ASSETCATALOG_COMPILER_GLOBAL_ACCENT_COLOR_NAME = AccentColor;
				CODE_SIGN_STYLE = Automatic;
				CURRENT_PROJECT_VERSION = 1;
				DEVELOPMENT_TEAM = 2D25Y73SYC;
				GENERATE_INFOPLIST_FILE = YES;
				INFOPLIST_FILE = "Assessment Test Tech Mahindra/Info.plist";
				INFOPLIST_KEY_UIApplicationSupportsIndirectInputEvents = YES;
				INFOPLIST_KEY_UILaunchStoryboardName = LaunchScreen;
				INFOPLIST_KEY_UIMainStoryboardFile = Main;
				INFOPLIST_KEY_UISupportedInterfaceOrientations_iPad = "UIInterfaceOrientationPortrait UIInterfaceOrientationPortraitUpsideDown UIInterfaceOrientationLandscapeLeft UIInterfaceOrientationLandscapeRight";
				INFOPLIST_KEY_UISupportedInterfaceOrientations_iPhone = "UIInterfaceOrientationPortrait UIInterfaceOrientationLandscapeLeft UIInterfaceOrientationLandscapeRight";
				LD_RUNPATH_SEARCH_PATHS = (
					"$(inherited)",
					"@executable_path/Frameworks",
				);
				MARKETING_VERSION = 1.0;
				PRODUCT_BUNDLE_IDENTIFIER = "Fadil.Assessment-Test-Tech-Mahindra";
				PRODUCT_NAME = "$(TARGET_NAME)";
				SWIFT_EMIT_LOC_STRINGS = YES;
				SWIFT_VERSION = 5.0;
				TARGETED_DEVICE_FAMILY = "1,2";
			};
			name = Debug;
		};
		85C2FDB12980E5420010609A /* Release */ = {
			isa = XCBuildConfiguration;
			buildSettings = {
				ASSETCATALOG_COMPILER_APPICON_NAME = AppIcon;
				ASSETCATALOG_COMPILER_GLOBAL_ACCENT_COLOR_NAME = AccentColor;
				CODE_SIGN_STYLE = Automatic;
				CURRENT_PROJECT_VERSION = 1;
				DEVELOPMENT_TEAM = 2D25Y73SYC;
				GENERATE_INFOPLIST_FILE = YES;
				INFOPLIST_FILE = "Assessment Test Tech Mahindra/Info.plist";
				INFOPLIST_KEY_UIApplicationSupportsIndirectInputEvents = YES;
				INFOPLIST_KEY_UILaunchStoryboardName = LaunchScreen;
				INFOPLIST_KEY_UIMainStoryboardFile = Main;
				INFOPLIST_KEY_UISupportedInterfaceOrientations_iPad = "UIInterfaceOrientationPortrait UIInterfaceOrientationPortraitUpsideDown UIInterfaceOrientationLandscapeLeft UIInterfaceOrientationLandscapeRight";
				INFOPLIST_KEY_UISupportedInterfaceOrientations_iPhone = "UIInterfaceOrientationPortrait UIInterfaceOrientationLandscapeLeft UIInterfaceOrientationLandscapeRight";
				LD_RUNPATH_SEARCH_PATHS = (
					"$(inherited)",
					"@executable_path/Frameworks",
				);
				MARKETING_VERSION = 1.0;
				PRODUCT_BUNDLE_IDENTIFIER = "Fadil.Assessment-Test-Tech-Mahindra";
				PRODUCT_NAME = "$(TARGET_NAME)";
				SWIFT_EMIT_LOC_STRINGS = YES;
				SWIFT_VERSION = 5.0;
				TARGETED_DEVICE_FAMILY = "1,2";
			};
			name = Release;
		};
		85C2FDB32980E5420010609A /* Debug */ = {
			isa = XCBuildConfiguration;
			buildSettings = {
				ALWAYS_EMBED_SWIFT_STANDARD_LIBRARIES = YES;
				BUNDLE_LOADER = "$(TEST_HOST)";
				CODE_SIGN_STYLE = Automatic;
				CURRENT_PROJECT_VERSION = 1;
				DEVELOPMENT_TEAM = 2D25Y73SYC;
				GENERATE_INFOPLIST_FILE = YES;
				IPHONEOS_DEPLOYMENT_TARGET = 16.2;
				MARKETING_VERSION = 1.0;
				PRODUCT_BUNDLE_IDENTIFIER = "Fadil.Assessment-Test-Tech-MahindraTests";
				PRODUCT_NAME = "$(TARGET_NAME)";
				SWIFT_EMIT_LOC_STRINGS = NO;
				SWIFT_VERSION = 5.0;
				TARGETED_DEVICE_FAMILY = "1,2";
				TEST_HOST = "$(BUILT_PRODUCTS_DIR)/Assessment Test Tech Mahindra.app/$(BUNDLE_EXECUTABLE_FOLDER_PATH)/Assessment Test Tech Mahindra";
			};
			name = Debug;
		};
		85C2FDB42980E5420010609A /* Release */ = {
			isa = XCBuildConfiguration;
			buildSettings = {
				ALWAYS_EMBED_SWIFT_STANDARD_LIBRARIES = YES;
				BUNDLE_LOADER = "$(TEST_HOST)";
				CODE_SIGN_STYLE = Automatic;
				CURRENT_PROJECT_VERSION = 1;
				DEVELOPMENT_TEAM = 2D25Y73SYC;
				GENERATE_INFOPLIST_FILE = YES;
				IPHONEOS_DEPLOYMENT_TARGET = 16.2;
				MARKETING_VERSION = 1.0;
				PRODUCT_BUNDLE_IDENTIFIER = "Fadil.Assessment-Test-Tech-MahindraTests";
				PRODUCT_NAME = "$(TARGET_NAME)";
				SWIFT_EMIT_LOC_STRINGS = NO;
				SWIFT_VERSION = 5.0;
				TARGETED_DEVICE_FAMILY = "1,2";
				TEST_HOST = "$(BUILT_PRODUCTS_DIR)/Assessment Test Tech Mahindra.app/$(BUNDLE_EXECUTABLE_FOLDER_PATH)/Assessment Test Tech Mahindra";
			};
			name = Release;
		};
		85C2FDB62980E5420010609A /* Debug */ = {
			isa = XCBuildConfiguration;
			buildSettings = {
				ALWAYS_EMBED_SWIFT_STANDARD_LIBRARIES = YES;
				CODE_SIGN_STYLE = Automatic;
				CURRENT_PROJECT_VERSION = 1;
				DEVELOPMENT_TEAM = 2D25Y73SYC;
				GENERATE_INFOPLIST_FILE = YES;
				MARKETING_VERSION = 1.0;
				PRODUCT_BUNDLE_IDENTIFIER = "Fadil.Assessment-Test-Tech-MahindraUITests";
				PRODUCT_NAME = "$(TARGET_NAME)";
				SWIFT_EMIT_LOC_STRINGS = NO;
				SWIFT_VERSION = 5.0;
				TARGETED_DEVICE_FAMILY = "1,2";
				TEST_TARGET_NAME = "Assessment Test Tech Mahindra";
			};
			name = Debug;
		};
		85C2FDB72980E5420010609A /* Release */ = {
			isa = XCBuildConfiguration;
			buildSettings = {
				ALWAYS_EMBED_SWIFT_STANDARD_LIBRARIES = YES;
				CODE_SIGN_STYLE = Automatic;
				CURRENT_PROJECT_VERSION = 1;
				DEVELOPMENT_TEAM = 2D25Y73SYC;
				GENERATE_INFOPLIST_FILE = YES;
				MARKETING_VERSION = 1.0;
				PRODUCT_BUNDLE_IDENTIFIER = "Fadil.Assessment-Test-Tech-MahindraUITests";
				PRODUCT_NAME = "$(TARGET_NAME)";
				SWIFT_EMIT_LOC_STRINGS = NO;
				SWIFT_VERSION = 5.0;
				TARGETED_DEVICE_FAMILY = "1,2";
				TEST_TARGET_NAME = "Assessment Test Tech Mahindra";
			};
			name = Release;
		};
/* End XCBuildConfiguration section */

/* Begin XCConfigurationList section */
		85C2FD802980E5410010609A /* Build configuration list for PBXProject "Assessment Test Tech Mahindra" */ = {
			isa = XCConfigurationList;
			buildConfigurations = (
				85C2FDAD2980E5420010609A /* Debug */,
				85C2FDAE2980E5420010609A /* Release */,
			);
			defaultConfigurationIsVisible = 0;
			defaultConfigurationName = Release;
		};
		85C2FDAF2980E5420010609A /* Build configuration list for PBXNativeTarget "Assessment Test Tech Mahindra" */ = {
			isa = XCConfigurationList;
			buildConfigurations = (
				85C2FDB02980E5420010609A /* Debug */,
				85C2FDB12980E5420010609A /* Release */,
			);
			defaultConfigurationIsVisible = 0;
			defaultConfigurationName = Release;
		};
		85C2FDB22980E5420010609A /* Build configuration list for PBXNativeTarget "Assessment Test Tech MahindraTests" */ = {
			isa = XCConfigurationList;
			buildConfigurations = (
				85C2FDB32980E5420010609A /* Debug */,
				85C2FDB42980E5420010609A /* Release */,
			);
			defaultConfigurationIsVisible = 0;
			defaultConfigurationName = Release;
		};
		85C2FDB52980E5420010609A /* Build configuration list for PBXNativeTarget "Assessment Test Tech MahindraUITests" */ = {
			isa = XCConfigurationList;
			buildConfigurations = (
				85C2FDB62980E5420010609A /* Debug */,
				85C2FDB72980E5420010609A /* Release */,
			);
			defaultConfigurationIsVisible = 0;
			defaultConfigurationName = Release;
		};
/* End XCConfigurationList section */
	};
	rootObject = 85C2FD7D2980E5410010609A /* Project object */;
}
